// !$*UTF8*$!
{
	archiveVersion = 1;
	classes = {
	};
	objectVersion = 56;
	objects = {

/* Begin PBXBuildFile section */
		6653FE1A2A5942BB008A45DD /* Dev_Tool_AIApp.swift in Sources */ = {isa = PBXBuildFile; fileRef = 6653FE192A5942BB008A45DD /* Dev_Tool_AIApp.swift */; };
		6653FE1E2A5942BC008A45DD /* Assets.xcassets in Resources */ = {isa = PBXBuildFile; fileRef = 6653FE1D2A5942BC008A45DD /* Assets.xcassets */; };
		6653FE212A5942BC008A45DD /* Preview Assets.xcassets in Resources */ = {isa = PBXBuildFile; fileRef = 6653FE202A5942BC008A45DD /* Preview Assets.xcassets */; };
		66BFE64F2A59455D0052958F /* Service.swift in Sources */ = {isa = PBXBuildFile; fileRef = 66BFE64E2A59455D0052958F /* Service.swift */; };
		66BFE6512A5945670052958F /* Color+Extension.swift in Sources */ = {isa = PBXBuildFile; fileRef = 66BFE6502A5945670052958F /* Color+Extension.swift */; };
		66BFE6532A59456F0052958F /* CustomButton.swift in Sources */ = {isa = PBXBuildFile; fileRef = 66BFE6522A59456F0052958F /* CustomButton.swift */; };
		66BFE6562A5945820052958F /* ChatAppView.swift in Sources */ = {isa = PBXBuildFile; fileRef = 66BFE6552A5945820052958F /* ChatAppView.swift */; };
		66BFE6582A5945890052958F /* ColorSuggestionView.swift in Sources */ = {isa = PBXBuildFile; fileRef = 66BFE6572A5945890052958F /* ColorSuggestionView.swift */; };
		66BFE65B2A5945950052958F /* DebugSolutionView.swift in Sources */ = {isa = PBXBuildFile; fileRef = 66BFE65A2A5945950052958F /* DebugSolutionView.swift */; };
		66BFE65D2A59459D0052958F /* SettingsView.swift in Sources */ = {isa = PBXBuildFile; fileRef = 66BFE65C2A59459D0052958F /* SettingsView.swift */; };
		66BFE65F2A5945A40052958F /* CommitView.swift in Sources */ = {isa = PBXBuildFile; fileRef = 66BFE65E2A5945A40052958F /* CommitView.swift */; };
		66BFE6612A5945AC0052958F /* MainView.swift in Sources */ = {isa = PBXBuildFile; fileRef = 66BFE6602A5945AC0052958F /* MainView.swift */; };
		66BFE6642A5955A50052958F /* Alamofire in Frameworks */ = {isa = PBXBuildFile; productRef = 66BFE6632A5955A50052958F /* Alamofire */; };
		66BFE6662A595BFB0052958F /* Constants.swift in Sources */ = {isa = PBXBuildFile; fileRef = 66BFE6652A595BFB0052958F /* Constants.swift */; };
		66BFE6682A5962B10052958F /* ChatAppViewModel.swift in Sources */ = {isa = PBXBuildFile; fileRef = 66BFE6672A5962B10052958F /* ChatAppViewModel.swift */; };
		66BFE66C2A5978C30052958F /* DebugSolutionViewModel.swift in Sources */ = {isa = PBXBuildFile; fileRef = 66BFE66B2A5978C30052958F /* DebugSolutionViewModel.swift */; };
		74E2A9902A595FAB00129AC8 /* CommitViewModel.swift in Sources */ = {isa = PBXBuildFile; fileRef = 74E2A98F2A595FAB00129AC8 /* CommitViewModel.swift */; };
		74E2A9922A595FCF00129AC8 /* Message.swift in Sources */ = {isa = PBXBuildFile; fileRef = 74E2A9912A595FCF00129AC8 /* Message.swift */; };
		74E2A9962A597BB400129AC8 /* ColorSuggestionViewModel.swift in Sources */ = {isa = PBXBuildFile; fileRef = 74E2A9952A597BB400129AC8 /* ColorSuggestionViewModel.swift */; };
		C227BA2E2A595C990051443C /* Color+HexColor.swift in Sources */ = {isa = PBXBuildFile; fileRef = C227BA2D2A595C990051443C /* Color+HexColor.swift */; };
		C227BA312A595E6E0051443C /* CopyClipboardManager.swift in Sources */ = {isa = PBXBuildFile; fileRef = C227BA302A595E6E0051443C /* CopyClipboardManager.swift */; };
		C227BA332A595F5F0051443C /* SuccessMessagePopUpView.swift in Sources */ = {isa = PBXBuildFile; fileRef = C227BA322A595F5F0051443C /* SuccessMessagePopUpView.swift */; };
		C227BA362A597CB90051443C /* ColorModel.swift in Sources */ = {isa = PBXBuildFile; fileRef = C227BA352A597CB90051443C /* ColorModel.swift */; };
		C227BA382A59AA3D0051443C /* GitHubStatusManager.swift in Sources */ = {isa = PBXBuildFile; fileRef = C227BA372A59AA3C0051443C /* GitHubStatusManager.swift */; };
/* End PBXBuildFile section */

/* Begin PBXFileReference section */
		6653FE162A5942BB008A45DD /* Dev Tool AI.app */ = {isa = PBXFileReference; explicitFileType = wrapper.application; includeInIndex = 0; path = "Dev Tool AI.app"; sourceTree = BUILT_PRODUCTS_DIR; };
		6653FE192A5942BB008A45DD /* Dev_Tool_AIApp.swift */ = {isa = PBXFileReference; lastKnownFileType = sourcecode.swift; path = Dev_Tool_AIApp.swift; sourceTree = "<group>"; };
		6653FE1D2A5942BC008A45DD /* Assets.xcassets */ = {isa = PBXFileReference; lastKnownFileType = folder.assetcatalog; path = Assets.xcassets; sourceTree = "<group>"; };
		6653FE202A5942BC008A45DD /* Preview Assets.xcassets */ = {isa = PBXFileReference; lastKnownFileType = folder.assetcatalog; path = "Preview Assets.xcassets"; sourceTree = "<group>"; };
		6653FE222A5942BC008A45DD /* Dev_Tool_AI.entitlements */ = {isa = PBXFileReference; lastKnownFileType = text.plist.entitlements; path = Dev_Tool_AI.entitlements; sourceTree = "<group>"; };
		66BFE64E2A59455D0052958F /* Service.swift */ = {isa = PBXFileReference; lastKnownFileType = sourcecode.swift; path = Service.swift; sourceTree = "<group>"; };
		66BFE6502A5945670052958F /* Color+Extension.swift */ = {isa = PBXFileReference; lastKnownFileType = sourcecode.swift; path = "Color+Extension.swift"; sourceTree = "<group>"; };
		66BFE6522A59456F0052958F /* CustomButton.swift */ = {isa = PBXFileReference; lastKnownFileType = sourcecode.swift; path = CustomButton.swift; sourceTree = "<group>"; };
		66BFE6552A5945820052958F /* ChatAppView.swift */ = {isa = PBXFileReference; lastKnownFileType = sourcecode.swift; path = ChatAppView.swift; sourceTree = "<group>"; };
		66BFE6572A5945890052958F /* ColorSuggestionView.swift */ = {isa = PBXFileReference; lastKnownFileType = sourcecode.swift; path = ColorSuggestionView.swift; sourceTree = "<group>"; };
		66BFE65A2A5945950052958F /* DebugSolutionView.swift */ = {isa = PBXFileReference; lastKnownFileType = sourcecode.swift; path = DebugSolutionView.swift; sourceTree = "<group>"; };
		66BFE65C2A59459D0052958F /* SettingsView.swift */ = {isa = PBXFileReference; lastKnownFileType = sourcecode.swift; path = SettingsView.swift; sourceTree = "<group>"; };
		66BFE65E2A5945A40052958F /* CommitView.swift */ = {isa = PBXFileReference; lastKnownFileType = sourcecode.swift; path = CommitView.swift; sourceTree = "<group>"; };
		66BFE6602A5945AC0052958F /* MainView.swift */ = {isa = PBXFileReference; lastKnownFileType = sourcecode.swift; path = MainView.swift; sourceTree = "<group>"; };
		66BFE6652A595BFB0052958F /* Constants.swift */ = {isa = PBXFileReference; lastKnownFileType = sourcecode.swift; path = Constants.swift; sourceTree = "<group>"; };
		66BFE6672A5962B10052958F /* ChatAppViewModel.swift */ = {isa = PBXFileReference; lastKnownFileType = sourcecode.swift; path = ChatAppViewModel.swift; sourceTree = "<group>"; };
		66BFE66B2A5978C30052958F /* DebugSolutionViewModel.swift */ = {isa = PBXFileReference; lastKnownFileType = sourcecode.swift; path = DebugSolutionViewModel.swift; sourceTree = "<group>"; };
		74E2A98F2A595FAB00129AC8 /* CommitViewModel.swift */ = {isa = PBXFileReference; lastKnownFileType = sourcecode.swift; path = CommitViewModel.swift; sourceTree = "<group>"; };
		74E2A9912A595FCF00129AC8 /* Message.swift */ = {isa = PBXFileReference; lastKnownFileType = sourcecode.swift; path = Message.swift; sourceTree = "<group>"; };
		74E2A9952A597BB400129AC8 /* ColorSuggestionViewModel.swift */ = {isa = PBXFileReference; lastKnownFileType = sourcecode.swift; path = ColorSuggestionViewModel.swift; sourceTree = "<group>"; };
		C227BA2D2A595C990051443C /* Color+HexColor.swift */ = {isa = PBXFileReference; lastKnownFileType = sourcecode.swift; path = "Color+HexColor.swift"; sourceTree = "<group>"; };
		C227BA302A595E6E0051443C /* CopyClipboardManager.swift */ = {isa = PBXFileReference; lastKnownFileType = sourcecode.swift; path = CopyClipboardManager.swift; sourceTree = "<group>"; };
		C227BA322A595F5F0051443C /* SuccessMessagePopUpView.swift */ = {isa = PBXFileReference; lastKnownFileType = sourcecode.swift; path = SuccessMessagePopUpView.swift; sourceTree = "<group>"; };
		C227BA352A597CB90051443C /* ColorModel.swift */ = {isa = PBXFileReference; lastKnownFileType = sourcecode.swift; path = ColorModel.swift; sourceTree = "<group>"; };
		C227BA372A59AA3C0051443C /* GitHubStatusManager.swift */ = {isa = PBXFileReference; lastKnownFileType = sourcecode.swift; path = GitHubStatusManager.swift; sourceTree = "<group>"; };
/* End PBXFileReference section */

/* Begin PBXFrameworksBuildPhase section */
		6653FE132A5942BB008A45DD /* Frameworks */ = {
			isa = PBXFrameworksBuildPhase;
			buildActionMask = 2147483647;
			files = (
				66BFE6642A5955A50052958F /* Alamofire in Frameworks */,
			);
			runOnlyForDeploymentPostprocessing = 0;
		};
/* End PBXFrameworksBuildPhase section */

/* Begin PBXGroup section */
		6653FE0D2A5942BB008A45DD = {
			isa = PBXGroup;
			children = (
				6653FE182A5942BB008A45DD /* Dev Tool AI */,
				6653FE172A5942BB008A45DD /* Products */,
			);
			sourceTree = "<group>";
		};
		6653FE172A5942BB008A45DD /* Products */ = {
			isa = PBXGroup;
			children = (
				6653FE162A5942BB008A45DD /* Dev Tool AI.app */,
			);
			name = Products;
			sourceTree = "<group>";
		};
		6653FE182A5942BB008A45DD /* Dev Tool AI */ = {
			isa = PBXGroup;
			children = (
				C227BA2F2A595E600051443C /* Manager */,
				6653FE332A5943E4008A45DD /* Network */,
				6653FE322A5943E0008A45DD /* Extension */,
				6653FE2B2A5942E4008A45DD /* Common */,
				6653FE2A2A5942CC008A45DD /* Asset */,
				6653FE292A5942C7008A45DD /* Scene */,
				6653FE282A5942C2008A45DD /* App */,
				6653FE222A5942BC008A45DD /* Dev_Tool_AI.entitlements */,
				6653FE1F2A5942BC008A45DD /* Preview Content */,
			);
			path = "Dev Tool AI";
			sourceTree = "<group>";
		};
		6653FE1F2A5942BC008A45DD /* Preview Content */ = {
			isa = PBXGroup;
			children = (
				6653FE202A5942BC008A45DD /* Preview Assets.xcassets */,
			);
			path = "Preview Content";
			sourceTree = "<group>";
		};
		6653FE282A5942C2008A45DD /* App */ = {
			isa = PBXGroup;
			children = (
				6653FE192A5942BB008A45DD /* Dev_Tool_AIApp.swift */,
			);
			path = App;
			sourceTree = "<group>";
		};
		6653FE292A5942C7008A45DD /* Scene */ = {
			isa = PBXGroup;
			children = (
				6653FE312A594393008A45DD /* ChatApp */,
				6653FE302A594374008A45DD /* ColorSuggestion */,
				6653FE2F2A59436C008A45DD /* DebugSolution */,
				6653FE2E2A594368008A45DD /* Settings */,
				6653FE2D2A594364008A45DD /* Commit */,
				6653FE2C2A59430A008A45DD /* Main */,
			);
			path = Scene;
			sourceTree = "<group>";
		};
		6653FE2A2A5942CC008A45DD /* Asset */ = {
			isa = PBXGroup;
			children = (
				6653FE1D2A5942BC008A45DD /* Assets.xcassets */,
			);
			path = Asset;
			sourceTree = "<group>";
		};
		6653FE2B2A5942E4008A45DD /* Common */ = {
			isa = PBXGroup;
			children = (
				66BFE6522A59456F0052958F /* CustomButton.swift */,
				C227BA322A595F5F0051443C /* SuccessMessagePopUpView.swift */,
				66BFE6652A595BFB0052958F /* Constants.swift */,
				74E2A9912A595FCF00129AC8 /* Message.swift */,
			);
			path = Common;
			sourceTree = "<group>";
		};
		6653FE2C2A59430A008A45DD /* Main */ = {
			isa = PBXGroup;
			children = (
				66BFE6602A5945AC0052958F /* MainView.swift */,
			);
			path = Main;
			sourceTree = "<group>";
		};
		6653FE2D2A594364008A45DD /* Commit */ = {
			isa = PBXGroup;
			children = (
				66BFE65E2A5945A40052958F /* CommitView.swift */,
				74E2A98F2A595FAB00129AC8 /* CommitViewModel.swift */,
			);
			path = Commit;
			sourceTree = "<group>";
		};
		6653FE2E2A594368008A45DD /* Settings */ = {
			isa = PBXGroup;
			children = (
				66BFE65C2A59459D0052958F /* SettingsView.swift */,
			);
			path = Settings;
			sourceTree = "<group>";
		};
		6653FE2F2A59436C008A45DD /* DebugSolution */ = {
			isa = PBXGroup;
			children = (
				66BFE65A2A5945950052958F /* DebugSolutionView.swift */,
				66BFE66B2A5978C30052958F /* DebugSolutionViewModel.swift */,
			);
			path = DebugSolution;
			sourceTree = "<group>";
		};
		6653FE302A594374008A45DD /* ColorSuggestion */ = {
			isa = PBXGroup;
			children = (
				C227BA342A597CA80051443C /* Model */,
				74E2A9942A597BA900129AC8 /* ViewModel */,
				74E2A9932A597BA400129AC8 /* View */,
			);
			path = ColorSuggestion;
			sourceTree = "<group>";
		};
		6653FE312A594393008A45DD /* ChatApp */ = {
			isa = PBXGroup;
			children = (
				66BFE6552A5945820052958F /* ChatAppView.swift */,
				66BFE6672A5962B10052958F /* ChatAppViewModel.swift */,
			);
			path = ChatApp;
			sourceTree = "<group>";
		};
		6653FE322A5943E0008A45DD /* Extension */ = {
			isa = PBXGroup;
			children = (
				66BFE6502A5945670052958F /* Color+Extension.swift */,
				C227BA2D2A595C990051443C /* Color+HexColor.swift */,
			);
			path = Extension;
			sourceTree = "<group>";
		};
		6653FE332A5943E4008A45DD /* Network */ = {
			isa = PBXGroup;
			children = (
				66BFE64E2A59455D0052958F /* Service.swift */,
			);
			path = Network;
			sourceTree = "<group>";
		};
		74E2A9932A597BA400129AC8 /* View */ = {
			isa = PBXGroup;
			children = (
				66BFE6572A5945890052958F /* ColorSuggestionView.swift */,
			);
			path = View;
			sourceTree = "<group>";
		};
		74E2A9942A597BA900129AC8 /* ViewModel */ = {
			isa = PBXGroup;
			children = (
				74E2A9952A597BB400129AC8 /* ColorSuggestionViewModel.swift */,
			);
			path = ViewModel;
			sourceTree = "<group>";
		};
		C227BA2F2A595E600051443C /* Manager */ = {
			isa = PBXGroup;
			children = (
				C227BA302A595E6E0051443C /* CopyClipboardManager.swift */,
				C227BA372A59AA3C0051443C /* GitHubStatusManager.swift */,
			);
			path = Manager;
			sourceTree = "<group>";
		};
		C227BA342A597CA80051443C /* Model */ = {
			isa = PBXGroup;
			children = (
				C227BA352A597CB90051443C /* ColorModel.swift */,
			);
			path = Model;
			sourceTree = "<group>";
		};
/* End PBXGroup section */

/* Begin PBXNativeTarget section */
		6653FE152A5942BB008A45DD /* Dev Tool AI */ = {
			isa = PBXNativeTarget;
			buildConfigurationList = 6653FE252A5942BC008A45DD /* Build configuration list for PBXNativeTarget "Dev Tool AI" */;
			buildPhases = (
				6653FE122A5942BB008A45DD /* Sources */,
				6653FE132A5942BB008A45DD /* Frameworks */,
				6653FE142A5942BB008A45DD /* Resources */,
			);
			buildRules = (
			);
			dependencies = (
			);
			name = "Dev Tool AI";
			packageProductDependencies = (
				66BFE6632A5955A50052958F /* Alamofire */,
			);
			productName = "Dev Tool AI";
			productReference = 6653FE162A5942BB008A45DD /* Dev Tool AI.app */;
			productType = "com.apple.product-type.application";
		};
/* End PBXNativeTarget section */

/* Begin PBXProject section */
		6653FE0E2A5942BB008A45DD /* Project object */ = {
			isa = PBXProject;
			attributes = {
				BuildIndependentTargetsInParallel = 1;
				LastSwiftUpdateCheck = 1420;
				LastUpgradeCheck = 1420;
				TargetAttributes = {
					6653FE152A5942BB008A45DD = {
						CreatedOnToolsVersion = 14.2;
					};
				};
			};
			buildConfigurationList = 6653FE112A5942BB008A45DD /* Build configuration list for PBXProject "Dev Tool AI" */;
			compatibilityVersion = "Xcode 14.0";
			developmentRegion = en;
			hasScannedForEncodings = 0;
			knownRegions = (
				en,
				Base,
			);
			mainGroup = 6653FE0D2A5942BB008A45DD;
			packageReferences = (
				66BFE6622A5955A50052958F /* XCRemoteSwiftPackageReference "Alamofire" */,
			);
			productRefGroup = 6653FE172A5942BB008A45DD /* Products */;
			projectDirPath = "";
			projectRoot = "";
			targets = (
				6653FE152A5942BB008A45DD /* Dev Tool AI */,
			);
		};
/* End PBXProject section */

/* Begin PBXResourcesBuildPhase section */
		6653FE142A5942BB008A45DD /* Resources */ = {
			isa = PBXResourcesBuildPhase;
			buildActionMask = 2147483647;
			files = (
				6653FE212A5942BC008A45DD /* Preview Assets.xcassets in Resources */,
				6653FE1E2A5942BC008A45DD /* Assets.xcassets in Resources */,
			);
			runOnlyForDeploymentPostprocessing = 0;
		};
/* End PBXResourcesBuildPhase section */

/* Begin PBXSourcesBuildPhase section */
		6653FE122A5942BB008A45DD /* Sources */ = {
			isa = PBXSourcesBuildPhase;
			buildActionMask = 2147483647;
			files = (
				66BFE6682A5962B10052958F /* ChatAppViewModel.swift in Sources */,
				66BFE65B2A5945950052958F /* DebugSolutionView.swift in Sources */,
				C227BA332A595F5F0051443C /* SuccessMessagePopUpView.swift in Sources */,
				74E2A9902A595FAB00129AC8 /* CommitViewModel.swift in Sources */,
				6653FE1A2A5942BB008A45DD /* Dev_Tool_AIApp.swift in Sources */,
				74E2A9962A597BB400129AC8 /* ColorSuggestionViewModel.swift in Sources */,
				66BFE65F2A5945A40052958F /* CommitView.swift in Sources */,
				66BFE65D2A59459D0052958F /* SettingsView.swift in Sources */,
				66BFE64F2A59455D0052958F /* Service.swift in Sources */,
				66BFE6582A5945890052958F /* ColorSuggestionView.swift in Sources */,
				66BFE6612A5945AC0052958F /* MainView.swift in Sources */,
				C227BA2E2A595C990051443C /* Color+HexColor.swift in Sources */,
				66BFE6512A5945670052958F /* Color+Extension.swift in Sources */,
				C227BA382A59AA3D0051443C /* GitHubStatusManager.swift in Sources */,
				74E2A9922A595FCF00129AC8 /* Message.swift in Sources */,
				66BFE66C2A5978C30052958F /* DebugSolutionViewModel.swift in Sources */,
				66BFE6562A5945820052958F /* ChatAppView.swift in Sources */,
				66BFE6532A59456F0052958F /* CustomButton.swift in Sources */,
				C227BA312A595E6E0051443C /* CopyClipboardManager.swift in Sources */,
				66BFE6662A595BFB0052958F /* Constants.swift in Sources */,
				C227BA362A597CB90051443C /* ColorModel.swift in Sources */,
			);
			runOnlyForDeploymentPostprocessing = 0;
		};
/* End PBXSourcesBuildPhase section */

/* Begin XCBuildConfiguration section */
		6653FE232A5942BC008A45DD /* Debug */ = {
			isa = XCBuildConfiguration;
			buildSettings = {
				ALWAYS_SEARCH_USER_PATHS = NO;
				CLANG_ANALYZER_NONNULL = YES;
				CLANG_ANALYZER_NUMBER_OBJECT_CONVERSION = YES_AGGRESSIVE;
				CLANG_CXX_LANGUAGE_STANDARD = "gnu++20";
				CLANG_ENABLE_MODULES = YES;
				CLANG_ENABLE_OBJC_ARC = YES;
				CLANG_ENABLE_OBJC_WEAK = YES;
				CLANG_WARN_BLOCK_CAPTURE_AUTORELEASING = YES;
				CLANG_WARN_BOOL_CONVERSION = YES;
				CLANG_WARN_COMMA = YES;
				CLANG_WARN_CONSTANT_CONVERSION = YES;
				CLANG_WARN_DEPRECATED_OBJC_IMPLEMENTATIONS = YES;
				CLANG_WARN_DIRECT_OBJC_ISA_USAGE = YES_ERROR;
				CLANG_WARN_DOCUMENTATION_COMMENTS = YES;
				CLANG_WARN_EMPTY_BODY = YES;
				CLANG_WARN_ENUM_CONVERSION = YES;
				CLANG_WARN_INFINITE_RECURSION = YES;
				CLANG_WARN_INT_CONVERSION = YES;
				CLANG_WARN_NON_LITERAL_NULL_CONVERSION = YES;
				CLANG_WARN_OBJC_IMPLICIT_RETAIN_SELF = YES;
				CLANG_WARN_OBJC_LITERAL_CONVERSION = YES;
				CLANG_WARN_OBJC_ROOT_CLASS = YES_ERROR;
				CLANG_WARN_QUOTED_INCLUDE_IN_FRAMEWORK_HEADER = YES;
				CLANG_WARN_RANGE_LOOP_ANALYSIS = YES;
				CLANG_WARN_STRICT_PROTOTYPES = YES;
				CLANG_WARN_SUSPICIOUS_MOVE = YES;
				CLANG_WARN_UNGUARDED_AVAILABILITY = YES_AGGRESSIVE;
				CLANG_WARN_UNREACHABLE_CODE = YES;
				CLANG_WARN__DUPLICATE_METHOD_MATCH = YES;
				COPY_PHASE_STRIP = NO;
				DEBUG_INFORMATION_FORMAT = dwarf;
				ENABLE_STRICT_OBJC_MSGSEND = YES;
				ENABLE_TESTABILITY = YES;
				GCC_C_LANGUAGE_STANDARD = gnu11;
				GCC_DYNAMIC_NO_PIC = NO;
				GCC_NO_COMMON_BLOCKS = YES;
				GCC_OPTIMIZATION_LEVEL = 0;
				GCC_PREPROCESSOR_DEFINITIONS = (
					"DEBUG=1",
					"$(inherited)",
				);
				GCC_WARN_64_TO_32_BIT_CONVERSION = YES;
				GCC_WARN_ABOUT_RETURN_TYPE = YES_ERROR;
				GCC_WARN_UNDECLARED_SELECTOR = YES;
				GCC_WARN_UNINITIALIZED_AUTOS = YES_AGGRESSIVE;
				GCC_WARN_UNUSED_FUNCTION = YES;
				GCC_WARN_UNUSED_VARIABLE = YES;
				MACOSX_DEPLOYMENT_TARGET = 13.1;
				MTL_ENABLE_DEBUG_INFO = INCLUDE_SOURCE;
				MTL_FAST_MATH = YES;
				ONLY_ACTIVE_ARCH = YES;
				SDKROOT = macosx;
				SWIFT_ACTIVE_COMPILATION_CONDITIONS = DEBUG;
				SWIFT_OPTIMIZATION_LEVEL = "-Onone";
			};
			name = Debug;
		};
		6653FE242A5942BC008A45DD /* Release */ = {
			isa = XCBuildConfiguration;
			buildSettings = {
				ALWAYS_SEARCH_USER_PATHS = NO;
				CLANG_ANALYZER_NONNULL = YES;
				CLANG_ANALYZER_NUMBER_OBJECT_CONVERSION = YES_AGGRESSIVE;
				CLANG_CXX_LANGUAGE_STANDARD = "gnu++20";
				CLANG_ENABLE_MODULES = YES;
				CLANG_ENABLE_OBJC_ARC = YES;
				CLANG_ENABLE_OBJC_WEAK = YES;
				CLANG_WARN_BLOCK_CAPTURE_AUTORELEASING = YES;
				CLANG_WARN_BOOL_CONVERSION = YES;
				CLANG_WARN_COMMA = YES;
				CLANG_WARN_CONSTANT_CONVERSION = YES;
				CLANG_WARN_DEPRECATED_OBJC_IMPLEMENTATIONS = YES;
				CLANG_WARN_DIRECT_OBJC_ISA_USAGE = YES_ERROR;
				CLANG_WARN_DOCUMENTATION_COMMENTS = YES;
				CLANG_WARN_EMPTY_BODY = YES;
				CLANG_WARN_ENUM_CONVERSION = YES;
				CLANG_WARN_INFINITE_RECURSION = YES;
				CLANG_WARN_INT_CONVERSION = YES;
				CLANG_WARN_NON_LITERAL_NULL_CONVERSION = YES;
				CLANG_WARN_OBJC_IMPLICIT_RETAIN_SELF = YES;
				CLANG_WARN_OBJC_LITERAL_CONVERSION = YES;
				CLANG_WARN_OBJC_ROOT_CLASS = YES_ERROR;
				CLANG_WARN_QUOTED_INCLUDE_IN_FRAMEWORK_HEADER = YES;
				CLANG_WARN_RANGE_LOOP_ANALYSIS = YES;
				CLANG_WARN_STRICT_PROTOTYPES = YES;
				CLANG_WARN_SUSPICIOUS_MOVE = YES;
				CLANG_WARN_UNGUARDED_AVAILABILITY = YES_AGGRESSIVE;
				CLANG_WARN_UNREACHABLE_CODE = YES;
				CLANG_WARN__DUPLICATE_METHOD_MATCH = YES;
				COPY_PHASE_STRIP = NO;
				DEBUG_INFORMATION_FORMAT = "dwarf-with-dsym";
				ENABLE_NS_ASSERTIONS = NO;
				ENABLE_STRICT_OBJC_MSGSEND = YES;
				GCC_C_LANGUAGE_STANDARD = gnu11;
				GCC_NO_COMMON_BLOCKS = YES;
				GCC_WARN_64_TO_32_BIT_CONVERSION = YES;
				GCC_WARN_ABOUT_RETURN_TYPE = YES_ERROR;
				GCC_WARN_UNDECLARED_SELECTOR = YES;
				GCC_WARN_UNINITIALIZED_AUTOS = YES_AGGRESSIVE;
				GCC_WARN_UNUSED_FUNCTION = YES;
				GCC_WARN_UNUSED_VARIABLE = YES;
				MACOSX_DEPLOYMENT_TARGET = 13.1;
				MTL_ENABLE_DEBUG_INFO = NO;
				MTL_FAST_MATH = YES;
				SDKROOT = macosx;
				SWIFT_COMPILATION_MODE = wholemodule;
				SWIFT_OPTIMIZATION_LEVEL = "-O";
			};
			name = Release;
		};
		6653FE262A5942BC008A45DD /* Debug */ = {
			isa = XCBuildConfiguration;
			buildSettings = {
				ASSETCATALOG_COMPILER_APPICON_NAME = AppIcon;
				ASSETCATALOG_COMPILER_GLOBAL_ACCENT_COLOR_NAME = AccentColor;
				CODE_SIGN_ENTITLEMENTS = "Dev Tool AI/Dev_Tool_AI.entitlements";
				CODE_SIGN_STYLE = Automatic;
				COMBINE_HIDPI_IMAGES = YES;
				CURRENT_PROJECT_VERSION = 1;
				DEVELOPMENT_ASSET_PATHS = "\"Dev Tool AI/Preview Content\"";
				DEVELOPMENT_TEAM = SRDDFQ29BU;
				ENABLE_HARDENED_RUNTIME = YES;
				ENABLE_PREVIEWS = YES;
				GENERATE_INFOPLIST_FILE = YES;
				INFOPLIST_KEY_LSUIElement = YES;
				INFOPLIST_KEY_NSHumanReadableCopyright = "";
				LD_RUNPATH_SEARCH_PATHS = (
					"$(inherited)",
					"@executable_path/../Frameworks",
				);
				MARKETING_VERSION = 1.0;
				PRODUCT_BUNDLE_IDENTIFIER = "com.kurtkoydevs.devtoolai.Dev-Tool-AI";
				PRODUCT_NAME = "$(TARGET_NAME)";
				SWIFT_EMIT_LOC_STRINGS = YES;
				SWIFT_VERSION = 5.0;
			};
			name = Debug;
		};
		6653FE272A5942BC008A45DD /* Release */ = {
			isa = XCBuildConfiguration;
			buildSettings = {
				ASSETCATALOG_COMPILER_APPICON_NAME = AppIcon;
				ASSETCATALOG_COMPILER_GLOBAL_ACCENT_COLOR_NAME = AccentColor;
				CODE_SIGN_ENTITLEMENTS = "Dev Tool AI/Dev_Tool_AI.entitlements";
				CODE_SIGN_STYLE = Automatic;
				COMBINE_HIDPI_IMAGES = YES;
				CURRENT_PROJECT_VERSION = 1;
				DEVELOPMENT_ASSET_PATHS = "\"Dev Tool AI/Preview Content\"";
				DEVELOPMENT_TEAM = SRDDFQ29BU;
				ENABLE_HARDENED_RUNTIME = YES;
				ENABLE_PREVIEWS = YES;
				GENERATE_INFOPLIST_FILE = YES;
				INFOPLIST_KEY_LSUIElement = YES;
				INFOPLIST_KEY_NSHumanReadableCopyright = "";
				LD_RUNPATH_SEARCH_PATHS = (
					"$(inherited)",
					"@executable_path/../Frameworks",
				);
				MARKETING_VERSION = 1.0;
				PRODUCT_BUNDLE_IDENTIFIER = "com.kurtkoydevs.devtoolai.Dev-Tool-AI";
				PRODUCT_NAME = "$(TARGET_NAME)";
				SWIFT_EMIT_LOC_STRINGS = YES;
				SWIFT_VERSION = 5.0;
			};
			name = Release;
		};
/* End XCBuildConfiguration section */

/* Begin XCConfigurationList section */
		6653FE112A5942BB008A45DD /* Build configuration list for PBXProject "Dev Tool AI" */ = {
			isa = XCConfigurationList;
			buildConfigurations = (
				6653FE232A5942BC008A45DD /* Debug */,
				6653FE242A5942BC008A45DD /* Release */,
			);
			defaultConfigurationIsVisible = 0;
			defaultConfigurationName = Release;
		};
		6653FE252A5942BC008A45DD /* Build configuration list for PBXNativeTarget "Dev Tool AI" */ = {
			isa = XCConfigurationList;
			buildConfigurations = (
				6653FE262A5942BC008A45DD /* Debug */,
				6653FE272A5942BC008A45DD /* Release */,
			);
			defaultConfigurationIsVisible = 0;
			defaultConfigurationName = Release;
		};
/* End XCConfigurationList section */

/* Begin XCRemoteSwiftPackageReference section */
		66BFE6622A5955A50052958F /* XCRemoteSwiftPackageReference "Alamofire" */ = {
			isa = XCRemoteSwiftPackageReference;
			repositoryURL = "https://github.com/Alamofire/Alamofire.git";
			requirement = {
				kind = upToNextMajorVersion;
				minimumVersion = 5.0.0;
			};
		};
/* End XCRemoteSwiftPackageReference section */

/* Begin XCSwiftPackageProductDependency section */
		66BFE6632A5955A50052958F /* Alamofire */ = {
			isa = XCSwiftPackageProductDependency;
			package = 66BFE6622A5955A50052958F /* XCRemoteSwiftPackageReference "Alamofire" */;
			productName = Alamofire;
		};
/* End XCSwiftPackageProductDependency section */
	};
	rootObject = 6653FE0E2A5942BB008A45DD /* Project object */;
}
